
Microsoft Visual Studio Solution File, Format Version 12.00
# Visual Studio Version 16
VisualStudioVersion = 16.0.31911.196
MinimumVisualStudioVersion = 10.0.40219.1
Project("{FAE04EC0-301F-11D3-BF4B-00C04F79EFBC}") = "Crud Operations", "Crud Operations.csproj", "{928A5BF2-62AB-4DF1-8888-629A36391DDE}"
EndProject
Global
	GlobalSection(SolutionConfigurationPlatforms) = preSolution
		Debug|Any CPU = Debug|Any CPU
		Release|Any CPU = Release|Any CPU
	EndGlobalSection
	GlobalSection(ProjectConfigurationPlatforms) = postSolution
		{928A5BF2-62AB-4DF1-8888-629A36391DDE}.Debug|Any CPU.ActiveCfg = Debug|Any CPU
		{928A5BF2-62AB-4DF1-8888-629A36391DDE}.Debug|Any CPU.Build.0 = Debug|Any CPU
		{928A5BF2-62AB-4DF1-8888-629A36391DDE}.Release|Any CPU.ActiveCfg = Release|Any CPU
		{928A5BF2-62AB-4DF1-8888-629A36391DDE}.Release|Any CPU.Build.0 = Release|Any CPU
	EndGlobalSection
	GlobalSection(SolutionProperties) = preSolution
		HideSolutionNode = FALSE
	EndGlobalSection
	GlobalSection(ExtensibilityGlobals) = postSolution
		SolutionGuid = {18587D82-8628-4F47-8EA6-2C0528D7F5D3}
	EndGlobalSection
EndGlobal
